PODS:
  - Alamofire (4.7.1)
  - Bugly (2.5.0)
  - Charts (3.1.1):
    - Charts/Core (= 3.1.1)
  - Charts/Core (3.1.1)
  - IQKeyboardManagerSwift (5.0.8)
  - Kingfisher (4.5.0)
  - Realm (3.3.2):
    - Realm/Headers (= 3.3.2)
  - Realm/Headers (3.3.2)
  - RealmSwift (3.3.2):
    - Realm (= 3.3.2)
  - SnapKit (4.0.0)

DEPENDENCIES:
  - Alamofire
  - Bugly
  - Charts
  - IQKeyboardManagerSwift (~> 5.0.6)
  - Kingfisher (~> 4.5.0)
  - RealmSwift
  - SnapKit

SPEC CHECKSUMS:
  Alamofire: 68d7d521118d49c615a8d2214d87cdf525599d30
  Bugly: 3ca9f255c01025582df26f9222893b383c7e4b4e
  Charts: 90a4d61da0f6e06684c591e3bcab11940fe61736
  IQKeyboardManagerSwift: 2e7dc7f98c111458c1ea2b373f893e8cf95e2b97
  Kingfisher: 26ae0473102b77b575da51960c932431e3745407
  Realm: d927fbf66df5532cfafc08afb5f7e53ded37b894
  RealmSwift: 4e903a494e05d866581d69ad6f7e7b879d446baf
  SnapKit: a42d492c16e80209130a3379f73596c3454b7694

PODFILE CHECKSUM: bdafdafa6d0c1abde2c861b5e537dd4b4155871e

COCOAPODS: 1.4.0
